
Microsoft Visual Studio Solution File, Format Version 12.00
# Visual Studio Version 17
VisualStudioVersion = 17.5.002.0
MinimumVisualStudioVersion = 10.0.40219.1
Project("{9A19103F-16F7-4668-BE54-9A1E7A4F7556}") = "VillaApp.Web", "VillaApp.Web.csproj", "{4420E57D-6D2B-4A90-A552-E01D89CC87EA}"
EndProject
Project("{9A19103F-16F7-4668-BE54-9A1E7A4F7556}") = "VillaApp.Domains", "VillaApp.Domains\VillaApp.Domains.csproj", "{1C1E637D-2332-4351-83F3-02CFB18D8541}"
EndProject
Project("{9A19103F-16F7-4668-BE54-9A1E7A4F7556}") = "VillaApp.Application", "VillaApp.Application\VillaApp.Application.csproj", "{FC8D51AF-75AE-4DBB-9803-85935027776D}"
EndProject
Project("{9A19103F-16F7-4668-BE54-9A1E7A4F7556}") = "VillaApp.Infrastructure", "VillaApp.Infrastructure\VillaApp.Infrastructure.csproj", "{67C061CC-BB5A-470F-B0B8-C2FDD20F83BD}"
EndProject
Global
	GlobalSection(SolutionConfigurationPlatforms) = preSolution
		Debug|Any CPU = Debug|Any CPU
		Release|Any CPU = Release|Any CPU
	EndGlobalSection
	GlobalSection(ProjectConfigurationPlatforms) = postSolution
		{4420E57D-6D2B-4A90-A552-E01D89CC87EA}.Debug|Any CPU.ActiveCfg = Debug|Any CPU
		{4420E57D-6D2B-4A90-A552-E01D89CC87EA}.Debug|Any CPU.Build.0 = Debug|Any CPU
		{4420E57D-6D2B-4A90-A552-E01D89CC87EA}.Release|Any CPU.ActiveCfg = Release|Any CPU
		{4420E57D-6D2B-4A90-A552-E01D89CC87EA}.Release|Any CPU.Build.0 = Release|Any CPU
		{1C1E637D-2332-4351-83F3-02CFB18D8541}.Debug|Any CPU.ActiveCfg = Debug|Any CPU
		{1C1E637D-2332-4351-83F3-02CFB18D8541}.Debug|Any CPU.Build.0 = Debug|Any CPU
		{1C1E637D-2332-4351-83F3-02CFB18D8541}.Release|Any CPU.ActiveCfg = Release|Any CPU
		{1C1E637D-2332-4351-83F3-02CFB18D8541}.Release|Any CPU.Build.0 = Release|Any CPU
		{FC8D51AF-75AE-4DBB-9803-85935027776D}.Debug|Any CPU.ActiveCfg = Debug|Any CPU
		{FC8D51AF-75AE-4DBB-9803-85935027776D}.Debug|Any CPU.Build.0 = Debug|Any CPU
		{FC8D51AF-75AE-4DBB-9803-85935027776D}.Release|Any CPU.ActiveCfg = Release|Any CPU
		{FC8D51AF-75AE-4DBB-9803-85935027776D}.Release|Any CPU.Build.0 = Release|Any CPU
		{67C061CC-BB5A-470F-B0B8-C2FDD20F83BD}.Debug|Any CPU.ActiveCfg = Debug|Any CPU
		{67C061CC-BB5A-470F-B0B8-C2FDD20F83BD}.Debug|Any CPU.Build.0 = Debug|Any CPU
		{67C061CC-BB5A-470F-B0B8-C2FDD20F83BD}.Release|Any CPU.ActiveCfg = Release|Any CPU
		{67C061CC-BB5A-470F-B0B8-C2FDD20F83BD}.Release|Any CPU.Build.0 = Release|Any CPU
	EndGlobalSection
	GlobalSection(SolutionProperties) = preSolution
		HideSolutionNode = FALSE
	EndGlobalSection
	GlobalSection(ExtensibilityGlobals) = postSolution
		SolutionGuid = {0F74BE97-64C8-4560-AF44-749C39F5E3B6}
	EndGlobalSection
EndGlobal
